# This file is automatically @generated by Poetry 2.1.4 and should not be changed by hand.

[[package]]
name = "rcon"
version = "2.4.9"
description = "An RCON client library."
optional = false
python-versions = ">=3.10"
groups = ["main"]
files = [
    {file = "rcon-2.4.9-py3-none-any.whl", hash = "sha256:c0d2477070f189a6b49774133c412473ece40bb452473f160c7373b162dc8929"},
    {file = "rcon-2.4.9.tar.gz", hash = "sha256:d41a8311dc13352da35163f46a3cc13eb20f5cde1297b75b56e7645ef76d0a48"},
]

[package.extras]
gui = ["pygobject", "pygtk"]

[[package]]
name = "timeout-decorator"
version = "0.5.0"
description = "Timeout decorator"
optional = false
python-versions = "*"
groups = ["main"]
files = [
    {file = "timeout-decorator-0.5.0.tar.gz", hash = "sha256:6a2f2f58db1c5b24a2cc79de6345760377ad8bdc13813f5265f6c3e63d16b3d7"},
]

[extras]
dev = []

[metadata]
lock-version = "2.1"
python-versions = ">=3.10"
content-hash = "a10d2cd53c8bf7ec911793b82fd9f8c1a1d6af9846c456c1128f02594eaa9846"
